// !$*UTF8*$!
{
	archiveVersion = 1;
	classes = {
	};
	objectVersion = 46;
	objects = {

/* Begin PBXBuildFile section */
		605C8D961C29B85F00125B20 /* AppDelegate.swift in Sources */ = {isa = PBXBuildFile; fileRef = 605C8D951C29B85F00125B20 /* AppDelegate.swift */; };
		605C8D981C29B85F00125B20 /* ViewController.swift in Sources */ = {isa = PBXBuildFile; fileRef = 605C8D971C29B85F00125B20 /* ViewController.swift */; };
		605C8D9B1C29B85F00125B20 /* Main.storyboard in Resources */ = {isa = PBXBuildFile; fileRef = 605C8D991C29B85F00125B20 /* Main.storyboard */; };
		605C8D9D1C29B85F00125B20 /* Assets.xcassets in Resources */ = {isa = PBXBuildFile; fileRef = 605C8D9C1C29B85F00125B20 /* Assets.xcassets */; };
		605C8DA01C29B85F00125B20 /* LaunchScreen.storyboard in Resources */ = {isa = PBXBuildFile; fileRef = 605C8D9E1C29B85F00125B20 /* LaunchScreen.storyboard */; };
		605C8DAB1C29B85F00125B20 /* RedVsBlueTests.swift in Sources */ = {isa = PBXBuildFile; fileRef = 605C8DAA1C29B85F00125B20 /* RedVsBlueTests.swift */; };
		605C8DB61C29B85F00125B20 /* RedVsBlueUITests.swift in Sources */ = {isa = PBXBuildFile; fileRef = 605C8DB51C29B85F00125B20 /* RedVsBlueUITests.swift */; };
/* End PBXBuildFile section */

/* Begin PBXContainerItemProxy section */
		605C8DA71C29B85F00125B20 /* PBXContainerItemProxy */ = {
			isa = PBXContainerItemProxy;
			containerPortal = 605C8D8A1C29B85E00125B20 /* Project object */;
			proxyType = 1;
			remoteGlobalIDString = 605C8D911C29B85E00125B20;
			remoteInfo = RedVsBlue;
		};
		605C8DB21C29B85F00125B20 /* PBXContainerItemProxy */ = {
			isa = PBXContainerItemProxy;
			containerPortal = 605C8D8A1C29B85E00125B20 /* Project object */;
			proxyType = 1;
			remoteGlobalIDString = 605C8D911C29B85E00125B20;
			remoteInfo = RedVsBlue;
		};
/* End PBXContainerItemProxy section */

/* Begin PBXFileReference section */
		605C8D921C29B85F00125B20 /* RedVsBlue.app */ = {isa = PBXFileReference; explicitFileType = wrapper.application; includeInIndex = 0; path = RedVsBlue.app; sourceTree = BUILT_PRODUCTS_DIR; };
		605C8D951C29B85F00125B20 /* AppDelegate.swift */ = {isa = PBXFileReference; lastKnownFileType = sourcecode.swift; path = AppDelegate.swift; sourceTree = "<group>"; };
		605C8D971C29B85F00125B20 /* ViewController.swift */ = {isa = PBXFileReference; lastKnownFileType = sourcecode.swift; path = ViewController.swift; sourceTree = "<group>"; };
		605C8D9A1C29B85F00125B20 /* Base */ = {isa = PBXFileReference; lastKnownFileType = file.storyboard; name = Base; path = Base.lproj/Main.storyboard; sourceTree = "<group>"; };
		605C8D9C1C29B85F00125B20 /* Assets.xcassets */ = {isa = PBXFileReference; lastKnownFileType = folder.assetcatalog; path = Assets.xcassets; sourceTree = "<group>"; };
		605C8D9F1C29B85F00125B20 /* Base */ = {isa = PBXFileReference; lastKnownFileType = file.storyboard; name = Base; path = Base.lproj/LaunchScreen.storyboard; sourceTree = "<group>"; };
		605C8DA11C29B85F00125B20 /* Info.plist */ = {isa = PBXFileReference; lastKnownFileType = text.plist.xml; path = Info.plist; sourceTree = "<group>"; };
		605C8DA61C29B85F00125B20 /* RedVsBlueTests.xctest */ = {isa = PBXFileReference; explicitFileType = wrapper.cfbundle; includeInIndex = 0; path = RedVsBlueTests.xctest; sourceTree = BUILT_PRODUCTS_DIR; };
		605C8DAA1C29B85F00125B20 /* RedVsBlueTests.swift */ = {isa = PBXFileReference; lastKnownFileType = sourcecode.swift; path = RedVsBlueTests.swift; sourceTree = "<group>"; };
		605C8DAC1C29B85F00125B20 /* Info.plist */ = {isa = PBXFileReference; lastKnownFileType = text.plist.xml; path = Info.plist; sourceTree = "<group>"; };
		605C8DB11C29B85F00125B20 /* RedVsBlueUITests.xctest */ = {isa = PBXFileReference; explicitFileType = wrapper.cfbundle; includeInIndex = 0; path = RedVsBlueUITests.xctest; sourceTree = BUILT_PRODUCTS_DIR; };
		605C8DB51C29B85F00125B20 /* RedVsBlueUITests.swift */ = {isa = PBXFileReference; lastKnownFileType = sourcecode.swift; path = RedVsBlueUITests.swift; sourceTree = "<group>"; };
		605C8DB71C29B85F00125B20 /* Info.plist */ = {isa = PBXFileReference; lastKnownFileType = text.plist.xml; path = Info.plist; sourceTree = "<group>"; };
/* End PBXFileReference section */

/* Begin PBXFrameworksBuildPhase section */
		605C8D8F1C29B85E00125B20 /* Frameworks */ = {
			isa = PBXFrameworksBuildPhase;
			buildActionMask = 2147483647;
			files = (
			);
			runOnlyForDeploymentPostprocessing = 0;
		};
		605C8DA31C29B85F00125B20 /* Frameworks */ = {
			isa = PBXFrameworksBuildPhase;
			buildActionMask = 2147483647;
			files = (
			);
			runOnlyForDeploymentPostprocessing = 0;
		};
		605C8DAE1C29B85F00125B20 /* Frameworks */ = {
			isa = PBXFrameworksBuildPhase;
			buildActionMask = 2147483647;
			files = (
			);
			runOnlyForDeploymentPostprocessing = 0;
		};
/* End PBXFrameworksBuildPhase section */

/* Begin PBXGroup section */
		605C8D891C29B85E00125B20 = {
			isa = PBXGroup;
			children = (
				605C8D941C29B85F00125B20 /* RedVsBlue */,
				605C8DA91C29B85F00125B20 /* RedVsBlueTests */,
				605C8DB41C29B85F00125B20 /* RedVsBlueUITests */,
				605C8D931C29B85F00125B20 /* Products */,
			);
			sourceTree = "<group>";
		};
		605C8D931C29B85F00125B20 /* Products */ = {
			isa = PBXGroup;
			children = (
				605C8D921C29B85F00125B20 /* RedVsBlue.app */,
				605C8DA61C29B85F00125B20 /* RedVsBlueTests.xctest */,
				605C8DB11C29B85F00125B20 /* RedVsBlueUITests.xctest */,
			);
			name = Products;
			sourceTree = "<group>";
		};
		605C8D941C29B85F00125B20 /* RedVsBlue */ = {
			isa = PBXGroup;
			children = (
				605C8D951C29B85F00125B20 /* AppDelegate.swift */,
				605C8D971C29B85F00125B20 /* ViewController.swift */,
				605C8D991C29B85F00125B20 /* Main.storyboard */,
				605C8D9C1C29B85F00125B20 /* Assets.xcassets */,
				605C8D9E1C29B85F00125B20 /* LaunchScreen.storyboard */,
				605C8DA11C29B85F00125B20 /* Info.plist */,
			);
			path = RedVsBlue;
			sourceTree = "<group>";
		};
		605C8DA91C29B85F00125B20 /* RedVsBlueTests */ = {
			isa = PBXGroup;
			children = (
				605C8DAA1C29B85F00125B20 /* RedVsBlueTests.swift */,
				605C8DAC1C29B85F00125B20 /* Info.plist */,
			);
			path = RedVsBlueTests;
			sourceTree = "<group>";
		};
		605C8DB41C29B85F00125B20 /* RedVsBlueUITests */ = {
			isa = PBXGroup;
			children = (
				605C8DB51C29B85F00125B20 /* RedVsBlueUITests.swift */,
				605C8DB71C29B85F00125B20 /* Info.plist */,
			);
			path = RedVsBlueUITests;
			sourceTree = "<group>";
		};
/* End PBXGroup section */

/* Begin PBXNativeTarget section */
		605C8D911C29B85E00125B20 /* RedVsBlue */ = {
			isa = PBXNativeTarget;
			buildConfigurationList = 605C8DBA1C29B85F00125B20 /* Build configuration list for PBXNativeTarget "RedVsBlue" */;
			buildPhases = (
				605C8D8E1C29B85E00125B20 /* Sources */,
				605C8D8F1C29B85E00125B20 /* Frameworks */,
				605C8D901C29B85E00125B20 /* Resources */,
			);
			buildRules = (
			);
			dependencies = (
			);
			name = RedVsBlue;
			productName = RedVsBlue;
			productReference = 605C8D921C29B85F00125B20 /* RedVsBlue.app */;
			productType = "com.apple.product-type.application";
		};
		605C8DA51C29B85F00125B20 /* RedVsBlueTests */ = {
			isa = PBXNativeTarget;
			buildConfigurationList = 605C8DBD1C29B85F00125B20 /* Build configuration list for PBXNativeTarget "RedVsBlueTests" */;
			buildPhases = (
				605C8DA21C29B85F00125B20 /* Sources */,
				605C8DA31C29B85F00125B20 /* Frameworks */,
				605C8DA41C29B85F00125B20 /* Resources */,
			);
			buildRules = (
			);
			dependencies = (
				605C8DA81C29B85F00125B20 /* PBXTargetDependency */,
			);
			name = RedVsBlueTests;
			productName = RedVsBlueTests;
			productReference = 605C8DA61C29B85F00125B20 /* RedVsBlueTests.xctest */;
			productType = "com.apple.product-type.bundle.unit-test";
		};
		605C8DB01C29B85F00125B20 /* RedVsBlueUITests */ = {
			isa = PBXNativeTarget;
			buildConfigurationList = 605C8DC01C29B85F00125B20 /* Build configuration list for PBXNativeTarget "RedVsBlueUITests" */;
			buildPhases = (
				605C8DAD1C29B85F00125B20 /* Sources */,
				605C8DAE1C29B85F00125B20 /* Frameworks */,
				605C8DAF1C29B85F00125B20 /* Resources */,
			);
			buildRules = (
			);
			dependencies = (
				605C8DB31C29B85F00125B20 /* PBXTargetDependency */,
			);
			name = RedVsBlueUITests;
			productName = RedVsBlueUITests;
			productReference = 605C8DB11C29B85F00125B20 /* RedVsBlueUITests.xctest */;
			productType = "com.apple.product-type.bundle.ui-testing";
		};
/* End PBXNativeTarget section */

/* Begin PBXProject section */
		605C8D8A1C29B85E00125B20 /* Project object */ = {
			isa = PBXProject;
			attributes = {
				LastSwiftUpdateCheck = 0720;
				LastUpgradeCheck = 0720;
				ORGANIZATIONNAME = "Salahaldin Deban";
				TargetAttributes = {
					605C8D911C29B85E00125B20 = {
						CreatedOnToolsVersion = 7.2;
					};
					605C8DA51C29B85F00125B20 = {
						CreatedOnToolsVersion = 7.2;
						TestTargetID = 605C8D911C29B85E00125B20;
					};
					605C8DB01C29B85F00125B20 = {
						CreatedOnToolsVersion = 7.2;
						TestTargetID = 605C8D911C29B85E00125B20;
					};
				};
			};
			buildConfigurationList = 605C8D8D1C29B85E00125B20 /* Build configuration list for PBXProject "RedVsBlue" */;
			compatibilityVersion = "Xcode 3.2";
			developmentRegion = English;
			hasScannedForEncodings = 0;
			knownRegions = (
				en,
				Base,
			);
			mainGroup = 605C8D891C29B85E00125B20;
			productRefGroup = 605C8D931C29B85F00125B20 /* Products */;
			projectDirPath = "";
			projectRoot = "";
			targets = (
				605C8D911C29B85E00125B20 /* RedVsBlue */,
				605C8DA51C29B85F00125B20 /* RedVsBlueTests */,
				605C8DB01C29B85F00125B20 /* RedVsBlueUITests */,
			);
		};
/* End PBXProject section */

/* Begin PBXResourcesBuildPhase section */
		605C8D901C29B85E00125B20 /* Resources */ = {
			isa = PBXResourcesBuildPhase;
			buildActionMask = 2147483647;
			files = (
				605C8DA01C29B85F00125B20 /* LaunchScreen.storyboard in Resources */,
				605C8D9D1C29B85F00125B20 /* Assets.xcassets in Resources */,
				605C8D9B1C29B85F00125B20 /* Main.storyboard in Resources */,
			);
			runOnlyForDeploymentPostprocessing = 0;
		};
		605C8DA41C29B85F00125B20 /* Resources */ = {
			isa = PBXResourcesBuildPhase;
			buildActionMask = 2147483647;
			files = (
			);
			runOnlyForDeploymentPostprocessing = 0;
		};
		605C8DAF1C29B85F00125B20 /* Resources */ = {
			isa = PBXResourcesBuildPhase;
			buildActionMask = 2147483647;
			files = (
			);
			runOnlyForDeploymentPostprocessing = 0;
		};
/* End PBXResourcesBuildPhase section */

/* Begin PBXSourcesBuildPhase section */
		605C8D8E1C29B85E00125B20 /* Sources */ = {
			isa = PBXSourcesBuildPhase;
			buildActionMask = 2147483647;
			files = (
				605C8D981C29B85F00125B20 /* ViewController.swift in Sources */,
				605C8D961C29B85F00125B20 /* AppDelegate.swift in Sources */,
			);
			runOnlyForDeploymentPostprocessing = 0;
		};
		605C8DA21C29B85F00125B20 /* Sources */ = {
			isa = PBXSourcesBuildPhase;
			buildActionMask = 2147483647;
			files = (
				605C8DAB1C29B85F00125B20 /* RedVsBlueTests.swift in Sources */,
			);
			runOnlyForDeploymentPostprocessing = 0;
		};
		605C8DAD1C29B85F00125B20 /* Sources */ = {
			isa = PBXSourcesBuildPhase;
			buildActionMask = 2147483647;
			files = (
				605C8DB61C29B85F00125B20 /* RedVsBlueUITests.swift in Sources */,
			);
			runOnlyForDeploymentPostprocessing = 0;
		};
/* End PBXSourcesBuildPhase section */

/* Begin PBXTargetDependency section */
		605C8DA81C29B85F00125B20 /* PBXTargetDependency */ = {
			isa = PBXTargetDependency;
			target = 605C8D911C29B85E00125B20 /* RedVsBlue */;
			targetProxy = 605C8DA71C29B85F00125B20 /* PBXContainerItemProxy */;
		};
		605C8DB31C29B85F00125B20 /* PBXTargetDependency */ = {
			isa = PBXTargetDependency;
			target = 605C8D911C29B85E00125B20 /* RedVsBlue */;
			targetProxy = 605C8DB21C29B85F00125B20 /* PBXContainerItemProxy */;
		};
/* End PBXTargetDependency section */

/* Begin PBXVariantGroup section */
		605C8D991C29B85F00125B20 /* Main.storyboard */ = {
			isa = PBXVariantGroup;
			children = (
				605C8D9A1C29B85F00125B20 /* Base */,
			);
			name = Main.storyboard;
			sourceTree = "<group>";
		};
		605C8D9E1C29B85F00125B20 /* LaunchScreen.storyboard */ = {
			isa = PBXVariantGroup;
			children = (
				605C8D9F1C29B85F00125B20 /* Base */,
			);
			name = LaunchScreen.storyboard;
			sourceTree = "<group>";
		};
/* End PBXVariantGroup section */

/* Begin XCBuildConfiguration section */
		605C8DB81C29B85F00125B20 /* Debug */ = {
			isa = XCBuildConfiguration;
			buildSettings = {
				ALWAYS_SEARCH_USER_PATHS = NO;
				CLANG_CXX_LANGUAGE_STANDARD = "gnu++0x";
				CLANG_CXX_LIBRARY = "libc++";
				CLANG_ENABLE_MODULES = YES;
				CLANG_ENABLE_OBJC_ARC = YES;
				CLANG_WARN_BOOL_CONVERSION = YES;
				CLANG_WARN_CONSTANT_CONVERSION = YES;
				CLANG_WARN_DIRECT_OBJC_ISA_USAGE = YES_ERROR;
				CLANG_WARN_EMPTY_BODY = YES;
				CLANG_WARN_ENUM_CONVERSION = YES;
				CLANG_WARN_INT_CONVERSION = YES;
				CLANG_WARN_OBJC_ROOT_CLASS = YES_ERROR;
				CLANG_WARN_UNREACHABLE_CODE = YES;
				CLANG_WARN__DUPLICATE_METHOD_MATCH = YES;
				"CODE_SIGN_IDENTITY[sdk=iphoneos*]" = "iPhone Developer";
				COPY_PHASE_STRIP = NO;
				DEBUG_INFORMATION_FORMAT = dwarf;
				ENABLE_STRICT_OBJC_MSGSEND = YES;
				ENABLE_TESTABILITY = YES;
				GCC_C_LANGUAGE_STANDARD = gnu99;
				GCC_DYNAMIC_NO_PIC = NO;
				GCC_NO_COMMON_BLOCKS = YES;
				GCC_OPTIMIZATION_LEVEL = 0;
				GCC_PREPROCESSOR_DEFINITIONS = (
					"DEBUG=1",
					"$(inherited)",
				);
				GCC_WARN_64_TO_32_BIT_CONVERSION = YES;
				GCC_WARN_ABOUT_RETURN_TYPE = YES_ERROR;
				GCC_WARN_UNDECLARED_SELECTOR = YES;
				GCC_WARN_UNINITIALIZED_AUTOS = YES_AGGRESSIVE;
				GCC_WARN_UNUSED_FUNCTION = YES;
				GCC_WARN_UNUSED_VARIABLE = YES;
				IPHONEOS_DEPLOYMENT_TARGET = 9.2;
				MTL_ENABLE_DEBUG_INFO = YES;
				ONLY_ACTIVE_ARCH = YES;
				SDKROOT = iphoneos;
				SWIFT_OPTIMIZATION_LEVEL = "-Onone";
			};
			name = Debug;
		};
		605C8DB91C29B85F00125B20 /* Release */ = {
			isa = XCBuildConfiguration;
			buildSettings = {
				ALWAYS_SEARCH_USER_PATHS = NO;
				CLANG_CXX_LANGUAGE_STANDARD = "gnu++0x";
				CLANG_CXX_LIBRARY = "libc++";
				CLANG_ENABLE_MODULES = YES;
				CLANG_ENABLE_OBJC_ARC = YES;
				CLANG_WARN_BOOL_CONVERSION = YES;
				CLANG_WARN_CONSTANT_CONVERSION = YES;
				CLANG_WARN_DIRECT_OBJC_ISA_USAGE = YES_ERROR;
				CLANG_WARN_EMPTY_BODY = YES;
				CLANG_WARN_ENUM_CONVERSION = YES;
				CLANG_WARN_INT_CONVERSION = YES;
				CLANG_WARN_OBJC_ROOT_CLASS = YES_ERROR;
				CLANG_WARN_UNREACHABLE_CODE = YES;
				CLANG_WARN__DUPLICATE_METHOD_MATCH = YES;
				"CODE_SIGN_IDENTITY[sdk=iphoneos*]" = "iPhone Developer";
				COPY_PHASE_STRIP = NO;
				DEBUG_INFORMATION_FORMAT = "dwarf-with-dsym";
				ENABLE_NS_ASSERTIONS = NO;
				ENABLE_STRICT_OBJC_MSGSEND = YES;
				GCC_C_LANGUAGE_STANDARD = gnu99;
				GCC_NO_COMMON_BLOCKS = YES;
				GCC_WARN_64_TO_32_BIT_CONVERSION = YES;
				GCC_WARN_ABOUT_RETURN_TYPE = YES_ERROR;
				GCC_WARN_UNDECLARED_SELECTOR = YES;
				GCC_WARN_UNINITIALIZED_AUTOS = YES_AGGRESSIVE;
				GCC_WARN_UNUSED_FUNCTION = YES;
				GCC_WARN_UNUSED_VARIABLE = YES;
				IPHONEOS_DEPLOYMENT_TARGET = 9.2;
				MTL_ENABLE_DEBUG_INFO = NO;
				SDKROOT = iphoneos;
				VALIDATE_PRODUCT = YES;
			};
			name = Release;
		};
		605C8DBB1C29B85F00125B20 /* Debug */ = {
			isa = XCBuildConfiguration;
			buildSettings = {
				ASSETCATALOG_COMPILER_APPICON_NAME = AppIcon;
				INFOPLIST_FILE = RedVsBlue/Info.plist;
				LD_RUNPATH_SEARCH_PATHS = "$(inherited) @executable_path/Frameworks";
				PRODUCT_BUNDLE_IDENTIFIER = com.deban.RedVsBlue;
				PRODUCT_NAME = "$(TARGET_NAME)";
			};
			name = Debug;
		};
		605C8DBC1C29B85F00125B20 /* Release */ = {
			isa = XCBuildConfiguration;
			buildSettings = {
				ASSETCATALOG_COMPILER_APPICON_NAME = AppIcon;
				INFOPLIST_FILE = RedVsBlue/Info.plist;
				LD_RUNPATH_SEARCH_PATHS = "$(inherited) @executable_path/Frameworks";
				PRODUCT_BUNDLE_IDENTIFIER = com.deban.RedVsBlue;
				PRODUCT_NAME = "$(TARGET_NAME)";
			};
			name = Release;
		};
		605C8DBE1C29B85F00125B20 /* Debug */ = {
			isa = XCBuildConfiguration;
			buildSettings = {
				BUNDLE_LOADER = "$(TEST_HOST)";
				INFOPLIST_FILE = RedVsBlueTests/Info.plist;
				LD_RUNPATH_SEARCH_PATHS = "$(inherited) @executable_path/Frameworks @loader_path/Frameworks";
				PRODUCT_BUNDLE_IDENTIFIER = com.deban.RedVsBlueTests;
				PRODUCT_NAME = "$(TARGET_NAME)";
				TEST_HOST = "$(BUILT_PRODUCTS_DIR)/RedVsBlue.app/RedVsBlue";
			};
			name = Debug;
		};
		605C8DBF1C29B85F00125B20 /* Release */ = {
			isa = XCBuildConfiguration;
			buildSettings = {
				BUNDLE_LOADER = "$(TEST_HOST)";
				INFOPLIST_FILE = RedVsBlueTests/Info.plist;
				LD_RUNPATH_SEARCH_PATHS = "$(inherited) @executable_path/Frameworks @loader_path/Frameworks";
				PRODUCT_BUNDLE_IDENTIFIER = com.deban.RedVsBlueTests;
				PRODUCT_NAME = "$(TARGET_NAME)";
				TEST_HOST = "$(BUILT_PRODUCTS_DIR)/RedVsBlue.app/RedVsBlue";
			};
			name = Release;
		};
		605C8DC11C29B85F00125B20 /* Debug */ = {
			isa = XCBuildConfiguration;
			buildSettings = {
				INFOPLIST_FILE = RedVsBlueUITests/Info.plist;
				LD_RUNPATH_SEARCH_PATHS = "$(inherited) @executable_path/Frameworks @loader_path/Frameworks";
				PRODUCT_BUNDLE_IDENTIFIER = com.deban.RedVsBlueUITests;
				PRODUCT_NAME = "$(TARGET_NAME)";
				TEST_TARGET_NAME = RedVsBlue;
				USES_XCTRUNNER = YES;
			};
			name = Debug;
		};
		605C8DC21C29B85F00125B20 /* Release */ = {
			isa = XCBuildConfiguration;
			buildSettings = {
				INFOPLIST_FILE = RedVsBlueUITests/Info.plist;
				LD_RUNPATH_SEARCH_PATHS = "$(inherited) @executable_path/Frameworks @loader_path/Frameworks";
				PRODUCT_BUNDLE_IDENTIFIER = com.deban.RedVsBlueUITests;
				PRODUCT_NAME = "$(TARGET_NAME)";
				TEST_TARGET_NAME = RedVsBlue;
				USES_XCTRUNNER = YES;
			};
			name = Release;
		};
/* End XCBuildConfiguration section */

/* Begin XCConfigurationList section */
		605C8D8D1C29B85E00125B20 /* Build configuration list for PBXProject "RedVsBlue" */ = {
			isa = XCConfigurationList;
			buildConfigurations = (
				605C8DB81C29B85F00125B20 /* Debug */,
				605C8DB91C29B85F00125B20 /* Release */,
			);
			defaultConfigurationIsVisible = 0;
			defaultConfigurationName = Release;
		};
		605C8DBA1C29B85F00125B20 /* Build configuration list for PBXNativeTarget "RedVsBlue" */ = {
			isa = XCConfigurationList;
			buildConfigurations = (
				605C8DBB1C29B85F00125B20 /* Debug */,
				605C8DBC1C29B85F00125B20 /* Release */,
			);
			defaultConfigurationIsVisible = 0;
		};
		605C8DBD1C29B85F00125B20 /* Build configuration list for PBXNativeTarget "RedVsBlueTests" */ = {
			isa = XCConfigurationList;
			buildConfigurations = (
				605C8DBE1C29B85F00125B20 /* Debug */,
				605C8DBF1C29B85F00125B20 /* Release */,
			);
			defaultConfigurationIsVisible = 0;
		};
		605C8DC01C29B85F00125B20 /* Build configuration list for PBXNativeTarget "RedVsBlueUITests" */ = {
			isa = XCConfigurationList;
			buildConfigurations = (
				605C8DC11C29B85F00125B20 /* Debug */,
				605C8DC21C29B85F00125B20 /* Release */,
			);
			defaultConfigurationIsVisible = 0;
		};
/* End XCConfigurationList section */
	};
	rootObject = 605C8D8A1C29B85E00125B20 /* Project object */;
}
